<?xml version="1.0" encoding="utf-8"?>
<Project ToolsVersion="4.0" xmlns="http://schemas.microsoft.com/developer/msbuild/2003">
  <ItemGroup>
    <ClCompile Include="DungeonOfDespair.cpp" />
    <ClCompile Include="src\Actor.cpp">
      <Filter>src</Filter>
    </ClCompile>
    <ClCompile Include="src\Room.cpp">
      <Filter>src</Filter>
    </ClCompile>
    <ClCompile Include="src\Item.cpp">
      <Filter>src</Filter>
    </ClCompile>
    <ClCompile Include="src\Inventory.cpp">
      <Filter>src</Filter>
    </ClCompile>
    <ClCompile Include="src\GameUI.cpp">
      <Filter>src</Filter>
    </ClCompile>
    <ClCompile Include="DungeonGame.cpp">
      <Filter>src</Filter>
    </ClCompile>
  </ItemGroup>
  <ItemGroup>
    <ClInclude Include="includes\Entity.h">
      <Filter>includes</Filter>
    </ClInclude>
    <ClInclude Include="includes\Actor.h">
      <Filter>includes</Filter>
    </ClInclude>
    <ClInclude Include="includes\DungeonGame.h">
      <Filter>includes</Filter>
    </ClInclude>
    <ClInclude Include="includes\Exit.h">
      <Filter>includes</Filter>
    </ClInclude>
    <ClInclude Include="includes\GameController.h">
      <Filter>includes</Filter>
    </ClInclude>
    <ClInclude Include="includes\GameUI.h">
      <Filter>includes</Filter>
    </ClInclude>
    <ClInclude Include="includes\Inventory.h">
      <Filter>includes</Filter>
    </ClInclude>
    <ClInclude Include="includes\Item.h">
      <Filter>includes</Filter>
    </ClInclude>
    <ClInclude Include="includes\Room.h">
      <Filter>includes</Filter>
    </ClInclude>
  </ItemGroup>
  <ItemGroup>
    <Filter Include="includes">
      <UniqueIdentifier>{45dacb60-300f-4950-881d-b0b48bbe19d9}</UniqueIdentifier>
      <Extensions>
      </Extensions>
    </Filter>
    <Filter Include="src">
      <UniqueIdentifier>{5eda7c3e-22f6-488e-93f4-a4b7d243c25f}</UniqueIdentifier>
    </Filter>
  </ItemGroup>
</Project>